
Microsoft Visual Studio Solution File, Format Version 12.00
# Visual Studio Version 17
VisualStudioVersion = 17.0.32014.148
MinimumVisualStudioVersion = 10.0.40219.1
Project("{FAE04EC0-301F-11D3-BF4B-00C04F79EFBC}") = "WebSoft.TradeAPI", "WebSoft.TradeAPI\WebSoft.TradeAPI.csproj", "{AE1F539B-F68C-4CC3-852D-06EF43F75D12}"
EndProject
Project("{FAE04EC0-301F-11D3-BF4B-00C04F79EFBC}") = "WebSoft.TradeAPI.Tests", "WebSoft.TradeAPI.Tests\WebSoft.TradeAPI.Tests.csproj", "{1F425354-67D8-4FC4-9D5A-03FAF7A3242B}"
EndProject
Global
	GlobalSection(SolutionConfigurationPlatforms) = preSolution
		Debug|Any CPU = Debug|Any CPU
		Release|Any CPU = Release|Any CPU
	EndGlobalSection
	GlobalSection(ProjectConfigurationPlatforms) = postSolution
		{AE1F539B-F68C-4CC3-852D-06EF43F75D12}.Debug|Any CPU.ActiveCfg = Debug|Any CPU
		{AE1F539B-F68C-4CC3-852D-06EF43F75D12}.Debug|Any CPU.Build.0 = Debug|Any CPU
		{AE1F539B-F68C-4CC3-852D-06EF43F75D12}.Release|Any CPU.ActiveCfg = Release|Any CPU
		{AE1F539B-F68C-4CC3-852D-06EF43F75D12}.Release|Any CPU.Build.0 = Release|Any CPU
		{1F425354-67D8-4FC4-9D5A-03FAF7A3242B}.Debug|Any CPU.ActiveCfg = Debug|Any CPU
		{1F425354-67D8-4FC4-9D5A-03FAF7A3242B}.Debug|Any CPU.Build.0 = Debug|Any CPU
		{1F425354-67D8-4FC4-9D5A-03FAF7A3242B}.Release|Any CPU.ActiveCfg = Release|Any CPU
		{1F425354-67D8-4FC4-9D5A-03FAF7A3242B}.Release|Any CPU.Build.0 = Release|Any CPU
	EndGlobalSection
	GlobalSection(SolutionProperties) = preSolution
		HideSolutionNode = FALSE
	EndGlobalSection
	GlobalSection(ExtensibilityGlobals) = postSolution
		SolutionGuid = {3C9CEFF5-B4CC-4D09-B868-F61059ACBD1A}
	EndGlobalSection
EndGlobal
